
Microsoft Visual Studio Solution File, Format Version 12.00
# Visual Studio Version 16
VisualStudioVersion = 16.0.30114.105
MinimumVisualStudioVersion = 10.0.40219.1
Project("{FAE04EC0-301F-11D3-BF4B-00C04F79EFBC}") = "FtpSharp.Server", "FtpSharp.Server\FtpSharp.Server.csproj", "{453CDAC6-8865-49FB-8753-526ACB75FBAB}"
EndProject
Global
	GlobalSection(SolutionConfigurationPlatforms) = preSolution
		Debug|Any CPU = Debug|Any CPU
		Debug|x64 = Debug|x64
		Debug|x86 = Debug|x86
		Release|Any CPU = Release|Any CPU
		Release|x64 = Release|x64
		Release|x86 = Release|x86
	EndGlobalSection
	GlobalSection(SolutionProperties) = preSolution
		HideSolutionNode = FALSE
	EndGlobalSection
	GlobalSection(ProjectConfigurationPlatforms) = postSolution
		{453CDAC6-8865-49FB-8753-526ACB75FBAB}.Debug|Any CPU.ActiveCfg = Debug|Any CPU
		{453CDAC6-8865-49FB-8753-526ACB75FBAB}.Debug|Any CPU.Build.0 = Debug|Any CPU
		{453CDAC6-8865-49FB-8753-526ACB75FBAB}.Debug|x64.ActiveCfg = Debug|Any CPU
		{453CDAC6-8865-49FB-8753-526ACB75FBAB}.Debug|x64.Build.0 = Debug|Any CPU
		{453CDAC6-8865-49FB-8753-526ACB75FBAB}.Debug|x86.ActiveCfg = Debug|Any CPU
		{453CDAC6-8865-49FB-8753-526ACB75FBAB}.Debug|x86.Build.0 = Debug|Any CPU
		{453CDAC6-8865-49FB-8753-526ACB75FBAB}.Release|Any CPU.ActiveCfg = Release|Any CPU
		{453CDAC6-8865-49FB-8753-526ACB75FBAB}.Release|Any CPU.Build.0 = Release|Any CPU
		{453CDAC6-8865-49FB-8753-526ACB75FBAB}.Release|x64.ActiveCfg = Release|Any CPU
		{453CDAC6-8865-49FB-8753-526ACB75FBAB}.Release|x64.Build.0 = Release|Any CPU
		{453CDAC6-8865-49FB-8753-526ACB75FBAB}.Release|x86.ActiveCfg = Release|Any CPU
		{453CDAC6-8865-49FB-8753-526ACB75FBAB}.Release|x86.Build.0 = Release|Any CPU
	EndGlobalSection
EndGlobal
